Microsoft Visual Studio Solution File, Format Version 12.00
# Visual Studio Version 17
VisualStudioVersion = 17.5.2.0
MinimumVisualStudioVersion = 10.0.40219.1
Project("{2150E333-8FDC-42A3-9474-1A3956D46DE8}") = "pc-app", "pc-app", "{CC13ADA1-7B5C-133E-DA9A-1B654098A474}"
EndProject
Project("{FAE04EC0-301F-11D3-BF4B-00C04F79EFBC}") = "BrightnessSensor.App", "BrightnessSensor.App.csproj", "{29B07CA6-C95B-FAC1-37CA-8526815B5960}"
EndProject
Global
	GlobalSection(SolutionConfigurationPlatforms) = preSolution
		Debug|Any CPU = Debug|Any CPU
		Release|Any CPU = Release|Any CPU
	EndGlobalSection
	GlobalSection(ProjectConfigurationPlatforms) = postSolution
		{29B07CA6-C95B-FAC1-37CA-8526815B5960}.Debug|Any CPU.ActiveCfg = Debug|Any CPU
		{29B07CA6-C95B-FAC1-37CA-8526815B5960}.Debug|Any CPU.Build.0 = Debug|Any CPU
		{29B07CA6-C95B-FAC1-37CA-8526815B5960}.Release|Any CPU.ActiveCfg = Release|Any CPU
		{29B07CA6-C95B-FAC1-37CA-8526815B5960}.Release|Any CPU.Build.0 = Release|Any CPU
	EndGlobalSection
	GlobalSection(SolutionProperties) = preSolution
		HideSolutionNode = FALSE
	EndGlobalSection
	GlobalSection(NestedProjects) = preSolution
		{29B07CA6-C95B-FAC1-37CA-8526815B5960} = {CC13ADA1-7B5C-133E-DA9A-1B654098A474}
	EndGlobalSection
	GlobalSection(ExtensibilityGlobals) = postSolution
		SolutionGuid = {661E4008-7A96-400F-BDB9-8E14685B6809}
	EndGlobalSection
EndGlobal

